
Microsoft Visual Studio Solution File, Format Version 12.00
# Visual Studio 2013
VisualStudioVersion = 12.0.31101.0
MinimumVisualStudioVersion = 10.0.40219.1
Project("{FAE04EC0-301F-11D3-BF4B-00C04F79EFBC}") = "LinkHubUI", "LinkHubUI\LinkHubUI.csproj", "{7A3F7036-13D3-4215-A85A-D2D604A0142B}"
EndProject
Project("{FAE04EC0-301F-11D3-BF4B-00C04F79EFBC}") = "BOL", "..\BOL\BOL.csproj", "{3A26A4EB-E5CC-4F72-AF90-5C4269D93E25}"
EndProject
Project("{FAE04EC0-301F-11D3-BF4B-00C04F79EFBC}") = "BLL", "..\BLL\BLL.csproj", "{70E5B6B9-B0E6-4F69-A81E-27683815D27B}"
EndProject
Project("{FAE04EC0-301F-11D3-BF4B-00C04F79EFBC}") = "DAL", "..\DAL\DAL.csproj", "{B17A43DB-262D-4829-BBC5-962E3AF28330}"
EndProject
Project("{2150E333-8FDC-42A3-9474-1A3956D46DE8}") = "Solution Items", "Solution Items", "{9242EDBA-CDE8-4652-8B7B-BC9D8D1AF76C}"
	ProjectSection(SolutionItems) = preProject
		Performance1.psess = Performance1.psess
		Performance2.psess = Performance2.psess
	EndProjectSection
EndProject
Global
	GlobalSection(SolutionConfigurationPlatforms) = preSolution
		Debug|Any CPU = Debug|Any CPU
		Release|Any CPU = Release|Any CPU
	EndGlobalSection
	GlobalSection(ProjectConfigurationPlatforms) = postSolution
		{7A3F7036-13D3-4215-A85A-D2D604A0142B}.Debug|Any CPU.ActiveCfg = Debug|Any CPU
		{7A3F7036-13D3-4215-A85A-D2D604A0142B}.Debug|Any CPU.Build.0 = Debug|Any CPU
		{7A3F7036-13D3-4215-A85A-D2D604A0142B}.Release|Any CPU.ActiveCfg = Release|Any CPU
		{7A3F7036-13D3-4215-A85A-D2D604A0142B}.Release|Any CPU.Build.0 = Release|Any CPU
		{3A26A4EB-E5CC-4F72-AF90-5C4269D93E25}.Debug|Any CPU.ActiveCfg = Debug|Any CPU
		{3A26A4EB-E5CC-4F72-AF90-5C4269D93E25}.Debug|Any CPU.Build.0 = Debug|Any CPU
		{3A26A4EB-E5CC-4F72-AF90-5C4269D93E25}.Release|Any CPU.ActiveCfg = Release|Any CPU
		{3A26A4EB-E5CC-4F72-AF90-5C4269D93E25}.Release|Any CPU.Build.0 = Release|Any CPU
		{70E5B6B9-B0E6-4F69-A81E-27683815D27B}.Debug|Any CPU.ActiveCfg = Debug|Any CPU
		{70E5B6B9-B0E6-4F69-A81E-27683815D27B}.Debug|Any CPU.Build.0 = Debug|Any CPU
		{70E5B6B9-B0E6-4F69-A81E-27683815D27B}.Release|Any CPU.ActiveCfg = Release|Any CPU
		{70E5B6B9-B0E6-4F69-A81E-27683815D27B}.Release|Any CPU.Build.0 = Release|Any CPU
		{B17A43DB-262D-4829-BBC5-962E3AF28330}.Debug|Any CPU.ActiveCfg = Debug|Any CPU
		{B17A43DB-262D-4829-BBC5-962E3AF28330}.Debug|Any CPU.Build.0 = Debug|Any CPU
		{B17A43DB-262D-4829-BBC5-962E3AF28330}.Release|Any CPU.ActiveCfg = Release|Any CPU
		{B17A43DB-262D-4829-BBC5-962E3AF28330}.Release|Any CPU.Build.0 = Release|Any CPU
	EndGlobalSection
	GlobalSection(SolutionProperties) = preSolution
		HideSolutionNode = FALSE
	EndGlobalSection
	GlobalSection(Performance) = preSolution
		HasPerformanceSessions = true
	EndGlobalSection
EndGlobal
